
Microsoft Visual Studio Solution File, Format Version 12.00
# Visual Studio Version 16
VisualStudioVersion = 16.0.31613.86
MinimumVisualStudioVersion = 10.0.40219.1
Project("{FAE04EC0-301F-11D3-BF4B-00C04F79EFBC}") = "Class49 First-Repo", "Class49 First-Repo\Class49 First-Repo.csproj", "{464E76C6-49EA-4B04-A959-E69AF4D88832}"
EndProject
Global
	GlobalSection(SolutionConfigurationPlatforms) = preSolution
		Debug|Any CPU = Debug|Any CPU
		Release|Any CPU = Release|Any CPU
	EndGlobalSection
	GlobalSection(ProjectConfigurationPlatforms) = postSolution
		{464E76C6-49EA-4B04-A959-E69AF4D88832}.Debug|Any CPU.ActiveCfg = Debug|Any CPU
		{464E76C6-49EA-4B04-A959-E69AF4D88832}.Debug|Any CPU.Build.0 = Debug|Any CPU
		{464E76C6-49EA-4B04-A959-E69AF4D88832}.Release|Any CPU.ActiveCfg = Release|Any CPU
		{464E76C6-49EA-4B04-A959-E69AF4D88832}.Release|Any CPU.Build.0 = Release|Any CPU
	EndGlobalSection
	GlobalSection(SolutionProperties) = preSolution
		HideSolutionNode = FALSE
	EndGlobalSection
	GlobalSection(ExtensibilityGlobals) = postSolution
		SolutionGuid = {A4C1C6C2-9750-4843-9E2B-D8D29A0DD5F3}
	EndGlobalSection
EndGlobal
